
Microsoft Visual Studio Solution File, Format Version 12.00
# Visual Studio Version 16
VisualStudioVersion = 16.0.29318.209
MinimumVisualStudioVersion = 10.0.40219.1
Project("{FAE04EC0-301F-11D3-BF4B-00C04F79EFBC}") = "snakev2", "snakev2\snakev2.csproj", "{5D564A8D-3C76-4CF6-A4BD-464E9C507131}"
EndProject
Global
	GlobalSection(SolutionConfigurationPlatforms) = preSolution
		Debug|Any CPU = Debug|Any CPU
		Release|Any CPU = Release|Any CPU
	EndGlobalSection
	GlobalSection(ProjectConfigurationPlatforms) = postSolution
		{5D564A8D-3C76-4CF6-A4BD-464E9C507131}.Debug|Any CPU.ActiveCfg = Debug|Any CPU
		{5D564A8D-3C76-4CF6-A4BD-464E9C507131}.Debug|Any CPU.Build.0 = Debug|Any CPU
		{5D564A8D-3C76-4CF6-A4BD-464E9C507131}.Release|Any CPU.ActiveCfg = Release|Any CPU
		{5D564A8D-3C76-4CF6-A4BD-464E9C507131}.Release|Any CPU.Build.0 = Release|Any CPU
	EndGlobalSection
	GlobalSection(SolutionProperties) = preSolution
		HideSolutionNode = FALSE
	EndGlobalSection
	GlobalSection(ExtensibilityGlobals) = postSolution
		SolutionGuid = {7927B2EA-98CF-4542-BDD7-C959ACDEB350}
	EndGlobalSection
EndGlobal
